// !$*UTF8*$!
{
	archiveVersion = 1;
	classes = {
	};
	objectVersion = 46;
	objects = {

/* Begin PBXBuildFile section */
		9E70CA8118AEA13700D85381 /* Foundation.framework in Frameworks */ = {isa = PBXBuildFile; fileRef = 9E70CA8018AEA13700D85381 /* Foundation.framework */; };
		9E70CA8318AEA13700D85381 /* CoreGraphics.framework in Frameworks */ = {isa = PBXBuildFile; fileRef = 9E70CA8218AEA13700D85381 /* CoreGraphics.framework */; };
		9E70CA8518AEA13700D85381 /* UIKit.framework in Frameworks */ = {isa = PBXBuildFile; fileRef = 9E70CA8418AEA13700D85381 /* UIKit.framework */; };
		9E70CA8B18AEA13700D85381 /* InfoPlist.strings in Resources */ = {isa = PBXBuildFile; fileRef = 9E70CA8918AEA13700D85381 /* InfoPlist.strings */; };
		9E70CA8D18AEA13700D85381 /* main.m in Sources */ = {isa = PBXBuildFile; fileRef = 9E70CA8C18AEA13700D85381 /* main.m */; };
		9E70CA9118AEA13700D85381 /* sensorAppDelegate.m in Sources */ = {isa = PBXBuildFile; fileRef = 9E70CA9018AEA13700D85381 /* sensorAppDelegate.m */; };
		9E70CA9418AEA13700D85381 /* Main.storyboard in Resources */ = {isa = PBXBuildFile; fileRef = 9E70CA9218AEA13700D85381 /* Main.storyboard */; };
		9E70CA9718AEA13700D85381 /* sensorViewController.m in Sources */ = {isa = PBXBuildFile; fileRef = 9E70CA9618AEA13700D85381 /* sensorViewController.m */; };
		9E70CA9918AEA13700D85381 /* Images.xcassets in Resources */ = {isa = PBXBuildFile; fileRef = 9E70CA9818AEA13700D85381 /* Images.xcassets */; };
		9E70CAB618AEA3D200D85381 /* CoreMotion.framework in Frameworks */ = {isa = PBXBuildFile; fileRef = 9E70CAB518AEA3D200D85381 /* CoreMotion.framework */; };
		9EA60EB619683FA200C889FD /* AVFoundation.framework in Frameworks */ = {isa = PBXBuildFile; fileRef = 9EA60EB519683FA200C889FD /* AVFoundation.framework */; };
/* End PBXBuildFile section */

/* Begin PBXFileReference section */
		9E70CA7D18AEA13700D85381 /* Accelerometer.app */ = {isa = PBXFileReference; explicitFileType = wrapper.application; includeInIndex = 0; path = Accelerometer.app; sourceTree = BUILT_PRODUCTS_DIR; };
		9E70CA8018AEA13700D85381 /* Foundation.framework */ = {isa = PBXFileReference; lastKnownFileType = wrapper.framework; name = Foundation.framework; path = System/Library/Frameworks/Foundation.framework; sourceTree = SDKROOT; };
		9E70CA8218AEA13700D85381 /* CoreGraphics.framework */ = {isa = PBXFileReference; lastKnownFileType = wrapper.framework; name = CoreGraphics.framework; path = System/Library/Frameworks/CoreGraphics.framework; sourceTree = SDKROOT; };
		9E70CA8418AEA13700D85381 /* UIKit.framework */ = {isa = PBXFileReference; lastKnownFileType = wrapper.framework; name = UIKit.framework; path = System/Library/Frameworks/UIKit.framework; sourceTree = SDKROOT; };
		9E70CA8818AEA13700D85381 /* Accelerometer-Info.plist */ = {isa = PBXFileReference; lastKnownFileType = text.plist.xml; path = "Accelerometer-Info.plist"; sourceTree = "<group>"; };
		9E70CA8A18AEA13700D85381 /* en */ = {isa = PBXFileReference; lastKnownFileType = text.plist.strings; name = en; path = en.lproj/InfoPlist.strings; sourceTree = "<group>"; };
		9E70CA8C18AEA13700D85381 /* main.m */ = {isa = PBXFileReference; lastKnownFileType = sourcecode.c.objc; path = main.m; sourceTree = "<group>"; };
		9E70CA8E18AEA13700D85381 /* Accelerometer-Prefix.pch */ = {isa = PBXFileReference; lastKnownFileType = sourcecode.c.h; path = "Accelerometer-Prefix.pch"; sourceTree = "<group>"; };
		9E70CA8F18AEA13700D85381 /* sensorAppDelegate.h */ = {isa = PBXFileReference; lastKnownFileType = sourcecode.c.h; path = sensorAppDelegate.h; sourceTree = "<group>"; };
		9E70CA9018AEA13700D85381 /* sensorAppDelegate.m */ = {isa = PBXFileReference; lastKnownFileType = sourcecode.c.objc; path = sensorAppDelegate.m; sourceTree = "<group>"; };
		9E70CA9318AEA13700D85381 /* Base */ = {isa = PBXFileReference; lastKnownFileType = file.storyboard; name = Base; path = Base.lproj/Main.storyboard; sourceTree = "<group>"; };
		9E70CA9518AEA13700D85381 /* sensorViewController.h */ = {isa = PBXFileReference; lastKnownFileType = sourcecode.c.h; path = sensorViewController.h; sourceTree = "<group>"; };
		9E70CA9618AEA13700D85381 /* sensorViewController.m */ = {isa = PBXFileReference; lastKnownFileType = sourcecode.c.objc; path = sensorViewController.m; sourceTree = "<group>"; };
		9E70CA9818AEA13700D85381 /* Images.xcassets */ = {isa = PBXFileReference; lastKnownFileType = folder.assetcatalog; path = Images.xcassets; sourceTree = "<group>"; };
		9E70CA9F18AEA13700D85381 /* XCTest.framework */ = {isa = PBXFileReference; lastKnownFileType = wrapper.framework; name = XCTest.framework; path = Library/Frameworks/XCTest.framework; sourceTree = DEVELOPER_DIR; };
		9E70CAA718AEA13700D85381 /* AccelerometerTests-Info.plist */ = {isa = PBXFileReference; lastKnownFileType = text.plist.xml; path = "AccelerometerTests-Info.plist"; sourceTree = "<group>"; };
		9E70CAA918AEA13700D85381 /* en */ = {isa = PBXFileReference; lastKnownFileType = text.plist.strings; name = en; path = en.lproj/InfoPlist.strings; sourceTree = "<group>"; };
		9E70CAAB18AEA13700D85381 /* AccelerometerTests.m */ = {isa = PBXFileReference; lastKnownFileType = sourcecode.c.objc; path = AccelerometerTests.m; sourceTree = "<group>"; };
		9E70CAB518AEA3D200D85381 /* CoreMotion.framework */ = {isa = PBXFileReference; lastKnownFileType = wrapper.framework; name = CoreMotion.framework; path = System/Library/Frameworks/CoreMotion.framework; sourceTree = SDKROOT; };
		9EA60EB519683FA200C889FD /* AVFoundation.framework */ = {isa = PBXFileReference; lastKnownFileType = wrapper.framework; name = AVFoundation.framework; path = System/Library/Frameworks/AVFoundation.framework; sourceTree = SDKROOT; };
/* End PBXFileReference section */

/* Begin PBXFrameworksBuildPhase section */
		9E70CA7A18AEA13700D85381 /* Frameworks */ = {
			isa = PBXFrameworksBuildPhase;
			buildActionMask = 2147483647;
			files = (
				9EA60EB619683FA200C889FD /* AVFoundation.framework in Frameworks */,
				9E70CAB618AEA3D200D85381 /* CoreMotion.framework in Frameworks */,
				9E70CA8318AEA13700D85381 /* CoreGraphics.framework in Frameworks */,
				9E70CA8518AEA13700D85381 /* UIKit.framework in Frameworks */,
				9E70CA8118AEA13700D85381 /* Foundation.framework in Frameworks */,
			);
			runOnlyForDeploymentPostprocessing = 0;
		};
/* End PBXFrameworksBuildPhase section */

/* Begin PBXGroup section */
		9E70CA7418AEA13700D85381 = {
			isa = PBXGroup;
			children = (
				9E70CA8618AEA13700D85381 /* Accelerometer */,
				9E70CAA518AEA13700D85381 /* AccelerometerTests */,
				9E70CA7F18AEA13700D85381 /* Frameworks */,
				9E70CA7E18AEA13700D85381 /* Products */,
			);
			sourceTree = "<group>";
		};
		9E70CA7E18AEA13700D85381 /* Products */ = {
			isa = PBXGroup;
			children = (
				9E70CA7D18AEA13700D85381 /* Accelerometer.app */,
			);
			name = Products;
			sourceTree = "<group>";
		};
		9E70CA7F18AEA13700D85381 /* Frameworks */ = {
			isa = PBXGroup;
			children = (
				9EA60EB519683FA200C889FD /* AVFoundation.framework */,
				9E70CAB518AEA3D200D85381 /* CoreMotion.framework */,
				9E70CA8018AEA13700D85381 /* Foundation.framework */,
				9E70CA8218AEA13700D85381 /* CoreGraphics.framework */,
				9E70CA8418AEA13700D85381 /* UIKit.framework */,
				9E70CA9F18AEA13700D85381 /* XCTest.framework */,
			);
			name = Frameworks;
			sourceTree = "<group>";
		};
		9E70CA8618AEA13700D85381 /* Accelerometer */ = {
			isa = PBXGroup;
			children = (
				9E70CA8F18AEA13700D85381 /* sensorAppDelegate.h */,
				9E70CA9018AEA13700D85381 /* sensorAppDelegate.m */,
				9E70CA9218AEA13700D85381 /* Main.storyboard */,
				9E70CA9518AEA13700D85381 /* sensorViewController.h */,
				9E70CA9618AEA13700D85381 /* sensorViewController.m */,
				9E70CA9818AEA13700D85381 /* Images.xcassets */,
				9E70CA8718AEA13700D85381 /* Supporting Files */,
			);
			path = Accelerometer;
			sourceTree = "<group>";
		};
		9E70CA8718AEA13700D85381 /* Supporting Files */ = {
			isa = PBXGroup;
			children = (
				9E70CA8818AEA13700D85381 /* Accelerometer-Info.plist */,
				9E70CA8918AEA13700D85381 /* InfoPlist.strings */,
				9E70CA8C18AEA13700D85381 /* main.m */,
				9E70CA8E18AEA13700D85381 /* Accelerometer-Prefix.pch */,
			);
			name = "Supporting Files";
			sourceTree = "<group>";
		};
		9E70CAA518AEA13700D85381 /* AccelerometerTests */ = {
			isa = PBXGroup;
			children = (
				9E70CAAB18AEA13700D85381 /* AccelerometerTests.m */,
				9E70CAA618AEA13700D85381 /* Supporting Files */,
			);
			path = AccelerometerTests;
			sourceTree = "<group>";
		};
		9E70CAA618AEA13700D85381 /* Supporting Files */ = {
			isa = PBXGroup;
			children = (
				9E70CAA718AEA13700D85381 /* AccelerometerTests-Info.plist */,
				9E70CAA818AEA13700D85381 /* InfoPlist.strings */,
			);
			name = "Supporting Files";
			sourceTree = "<group>";
		};
/* End PBXGroup section */

/* Begin PBXNativeTarget section */
		9E70CA7C18AEA13700D85381 /* Accelerometer */ = {
			isa = PBXNativeTarget;
			buildConfigurationList = 9E70CAAF18AEA13700D85381 /* Build configuration list for PBXNativeTarget "Accelerometer" */;
			buildPhases = (
				9E70CA7918AEA13700D85381 /* Sources */,
				9E70CA7A18AEA13700D85381 /* Frameworks */,
				9E70CA7B18AEA13700D85381 /* Resources */,
			);
			buildRules = (
			);
			dependencies = (
			);
			name = Accelerometer;
			productName = Accelerometer;
			productReference = 9E70CA7D18AEA13700D85381 /* Accelerometer.app */;
			productType = "com.apple.product-type.application";
		};
/* End PBXNativeTarget section */

/* Begin PBXProject section */
		9E70CA7518AEA13700D85381 /* Project object */ = {
			isa = PBXProject;
			attributes = {
				CLASSPREFIX = sensor;
				LastUpgradeCheck = 0610;
				ORGANIZATIONNAME = "Jean-Luc David";
			};
			buildConfigurationList = 9E70CA7818AEA13700D85381 /* Build configuration list for PBXProject "Accelerometer" */;
			compatibilityVersion = "Xcode 3.2";
			developmentRegion = English;
			hasScannedForEncodings = 0;
			knownRegions = (
				en,
				Base,
			);
			mainGroup = 9E70CA7418AEA13700D85381;
			productRefGroup = 9E70CA7E18AEA13700D85381 /* Products */;
			projectDirPath = "";
			projectRoot = "";
			targets = (
				9E70CA7C18AEA13700D85381 /* Accelerometer */,
			);
		};
/* End PBXProject section */

/* Begin PBXResourcesBuildPhase section */
		9E70CA7B18AEA13700D85381 /* Resources */ = {
			isa = PBXResourcesBuildPhase;
			buildActionMask = 2147483647;
			files = (
				9E70CA9918AEA13700D85381 /* Images.xcassets in Resources */,
				9E70CA8B18AEA13700D85381 /* InfoPlist.strings in Resources */,
				9E70CA9418AEA13700D85381 /* Main.storyboard in Resources */,
			);
			runOnlyForDeploymentPostprocessing = 0;
		};
/* End PBXResourcesBuildPhase section */

/* Begin PBXSourcesBuildPhase section */
		9E70CA7918AEA13700D85381 /* Sources */ = {
			isa = PBXSourcesBuildPhase;
			buildActionMask = 2147483647;
			files = (
				9E70CA9718AEA13700D85381 /* sensorViewController.m in Sources */,
				9E70CA9118AEA13700D85381 /* sensorAppDelegate.m in Sources */,
				9E70CA8D18AEA13700D85381 /* main.m in Sources */,
			);
			runOnlyForDeploymentPostprocessing = 0;
		};
/* End PBXSourcesBuildPhase section */

/* Begin PBXVariantGroup section */
		9E70CA8918AEA13700D85381 /* InfoPlist.strings */ = {
			isa = PBXVariantGroup;
			children = (
				9E70CA8A18AEA13700D85381 /* en */,
			);
			name = InfoPlist.strings;
			sourceTree = "<group>";
		};
		9E70CA9218AEA13700D85381 /* Main.storyboard */ = {
			isa = PBXVariantGroup;
			children = (
				9E70CA9318AEA13700D85381 /* Base */,
			);
			name = Main.storyboard;
			sourceTree = "<group>";
		};
		9E70CAA818AEA13700D85381 /* InfoPlist.strings */ = {
			isa = PBXVariantGroup;
			children = (
				9E70CAA918AEA13700D85381 /* en */,
			);
			name = InfoPlist.strings;
			sourceTree = "<group>";
		};
/* End PBXVariantGroup section */

/* Begin XCBuildConfiguration section */
		9E70CAAD18AEA13700D85381 /* Debug */ = {
			isa = XCBuildConfiguration;
			buildSettings = {
				ALWAYS_SEARCH_USER_PATHS = NO;
				CLANG_CXX_LANGUAGE_STANDARD = "gnu++0x";
				CLANG_CXX_LIBRARY = "libc++";
				CLANG_ENABLE_MODULES = YES;
				CLANG_ENABLE_OBJC_ARC = YES;
				CLANG_WARN_BOOL_CONVERSION = YES;
				CLANG_WARN_CONSTANT_CONVERSION = YES;
				CLANG_WARN_DIRECT_OBJC_ISA_USAGE = YES_ERROR;
				CLANG_WARN_EMPTY_BODY = YES;
				CLANG_WARN_ENUM_CONVERSION = YES;
				CLANG_WARN_INT_CONVERSION = YES;
				CLANG_WARN_OBJC_ROOT_CLASS = YES_ERROR;
				CLANG_WARN__DUPLICATE_METHOD_MATCH = YES;
				"CODE_SIGN_IDENTITY[sdk=iphoneos*]" = "iPhone Developer";
				COPY_PHASE_STRIP = NO;
				GCC_C_LANGUAGE_STANDARD = gnu99;
				GCC_DYNAMIC_NO_PIC = NO;
				GCC_OPTIMIZATION_LEVEL = 0;
				GCC_PREPROCESSOR_DEFINITIONS = (
					"DEBUG=1",
					"$(inherited)",
				);
				GCC_SYMBOLS_PRIVATE_EXTERN = NO;
				GCC_WARN_64_TO_32_BIT_CONVERSION = YES;
				GCC_WARN_ABOUT_RETURN_TYPE = YES_ERROR;
				GCC_WARN_UNDECLARED_SELECTOR = YES;
				GCC_WARN_UNINITIALIZED_AUTOS = YES;
				GCC_WARN_UNUSED_FUNCTION = YES;
				GCC_WARN_UNUSED_VARIABLE = YES;
				IPHONEOS_DEPLOYMENT_TARGET = 8.0;
				ONLY_ACTIVE_ARCH = YES;
				SDKROOT = iphoneos;
			};
			name = Debug;
		};
		9E70CAAE18AEA13700D85381 /* Release */ = {
			isa = XCBuildConfiguration;
			buildSettings = {
				ALWAYS_SEARCH_USER_PATHS = NO;
				CLANG_CXX_LANGUAGE_STANDARD = "gnu++0x";
				CLANG_CXX_LIBRARY = "libc++";
				CLANG_ENABLE_MODULES = YES;
				CLANG_ENABLE_OBJC_ARC = YES;
				CLANG_WARN_BOOL_CONVERSION = YES;
				CLANG_WARN_CONSTANT_CONVERSION = YES;
				CLANG_WARN_DIRECT_OBJC_ISA_USAGE = YES_ERROR;
				CLANG_WARN_EMPTY_BODY = YES;
				CLANG_WARN_ENUM_CONVERSION = YES;
				CLANG_WARN_INT_CONVERSION = YES;
				CLANG_WARN_OBJC_ROOT_CLASS = YES_ERROR;
				CLANG_WARN__DUPLICATE_METHOD_MATCH = YES;
				"CODE_SIGN_IDENTITY[sdk=iphoneos*]" = "iPhone Developer";
				COPY_PHASE_STRIP = YES;
				ENABLE_NS_ASSERTIONS = NO;
				GCC_C_LANGUAGE_STANDARD = gnu99;
				GCC_WARN_64_TO_32_BIT_CONVERSION = YES;
				GCC_WARN_ABOUT_RETURN_TYPE = YES_ERROR;
				GCC_WARN_UNDECLARED_SELECTOR = YES;
				GCC_WARN_UNINITIALIZED_AUTOS = YES;
				GCC_WARN_UNUSED_FUNCTION = YES;
				GCC_WARN_UNUSED_VARIABLE = YES;
				IPHONEOS_DEPLOYMENT_TARGET = 8.0;
				SDKROOT = iphoneos;
				VALIDATE_PRODUCT = YES;
			};
			name = Release;
		};
		9E70CAB018AEA13700D85381 /* Debug */ = {
			isa = XCBuildConfiguration;
			buildSettings = {
				ASSETCATALOG_COMPILER_APPICON_NAME = AppIcon;
				ASSETCATALOG_COMPILER_LAUNCHIMAGE_NAME = LaunchImage;
				GCC_PRECOMPILE_PREFIX_HEADER = YES;
				GCC_PREFIX_HEADER = "Accelerometer/Accelerometer-Prefix.pch";
				INFOPLIST_FILE = "Accelerometer/Accelerometer-Info.plist";
				PRODUCT_NAME = "$(TARGET_NAME)";
				WRAPPER_EXTENSION = app;
			};
			name = Debug;
		};
		9E70CAB118AEA13700D85381 /* Release */ = {
			isa = XCBuildConfiguration;
			buildSettings = {
				ASSETCATALOG_COMPILER_APPICON_NAME = AppIcon;
				ASSETCATALOG_COMPILER_LAUNCHIMAGE_NAME = LaunchImage;
				GCC_PRECOMPILE_PREFIX_HEADER = YES;
				GCC_PREFIX_HEADER = "Accelerometer/Accelerometer-Prefix.pch";
				INFOPLIST_FILE = "Accelerometer/Accelerometer-Info.plist";
				PRODUCT_NAME = "$(TARGET_NAME)";
				WRAPPER_EXTENSION = app;
			};
			name = Release;
		};
/* End XCBuildConfiguration section */

/* Begin XCConfigurationList section */
		9E70CA7818AEA13700D85381 /* Build configuration list for PBXProject "Accelerometer" */ = {
			isa = XCConfigurationList;
			buildConfigurations = (
				9E70CAAD18AEA13700D85381 /* Debug */,
				9E70CAAE18AEA13700D85381 /* Release */,
			);
			defaultConfigurationIsVisible = 0;
			defaultConfigurationName = Release;
		};
		9E70CAAF18AEA13700D85381 /* Build configuration list for PBXNativeTarget "Accelerometer" */ = {
			isa = XCConfigurationList;
			buildConfigurations = (
				9E70CAB018AEA13700D85381 /* Debug */,
				9E70CAB118AEA13700D85381 /* Release */,
			);
			defaultConfigurationIsVisible = 0;
			defaultConfigurationName = Release;
		};
/* End XCConfigurationList section */
	};
	rootObject = 9E70CA7518AEA13700D85381 /* Project object */;
}
